// !$*UTF8*$!
{
	archiveVersion = 1;
	classes = {
	};
	objectVersion = 48;
	objects = {

/* Begin PBXBuildFile section */
		274B6FC0202A6B3F009F7905 /* LoadingScreenViewController.swift in Sources */ = {isa = PBXBuildFile; fileRef = 274B6FBE202A6B3F009F7905 /* LoadingScreenViewController.swift */; };
		274B6FC1202A6B3F009F7905 /* LoadingScreenViewController.xib in Resources */ = {isa = PBXBuildFile; fileRef = 274B6FBF202A6B3F009F7905 /* LoadingScreenViewController.xib */; };
		276910C7202881B70011BA79 /* RootViewControllerDayViewDelegateExtension.swift in Sources */ = {isa = PBXBuildFile; fileRef = 276910C6202881B70011BA79 /* RootViewControllerDayViewDelegateExtension.swift */; };
		276910C9202881FF0011BA79 /* RootViewControllerWeekViewDelegate.swift in Sources */ = {isa = PBXBuildFile; fileRef = 276910C8202881FF0011BA79 /* RootViewControllerWeekViewDelegate.swift */; };
		276910CB202882600011BA79 /* RootViewControllerSettingsViewControllerDelegateExtension.swift in Sources */ = {isa = PBXBuildFile; fileRef = 276910CA202882600011BA79 /* RootViewControllerSettingsViewControllerDelegateExtension.swift */; };
		276910CD2028828A0011BA79 /* RootViewControllerLocationViewControllerDelegateExtension.swift in Sources */ = {isa = PBXBuildFile; fileRef = 276910CC2028828A0011BA79 /* RootViewControllerLocationViewControllerDelegateExtension.swift */; };
		276910D1202892AD0011BA79 /* SettingsViewController.swift in Sources */ = {isa = PBXBuildFile; fileRef = 276910CF202892AD0011BA79 /* SettingsViewController.swift */; };
		276910D2202892AD0011BA79 /* SettingsViewController.xib in Resources */ = {isa = PBXBuildFile; fileRef = 276910D0202892AD0011BA79 /* SettingsViewController.xib */; };
		276910D82028C7800011BA79 /* SettingCell.swift in Sources */ = {isa = PBXBuildFile; fileRef = 276910D62028C7800011BA79 /* SettingCell.swift */; };
		276910D92028C7800011BA79 /* SettingCell.xib in Resources */ = {isa = PBXBuildFile; fileRef = 276910D72028C7800011BA79 /* SettingCell.xib */; };
		276910DD20290E4F0011BA79 /* LocationsViewController.swift in Sources */ = {isa = PBXBuildFile; fileRef = 276910DB20290E4F0011BA79 /* LocationsViewController.swift */; };
		276910DE20290E4F0011BA79 /* LocationsViewController.xib in Resources */ = {isa = PBXBuildFile; fileRef = 276910DC20290E4F0011BA79 /* LocationsViewController.xib */; };
		276910E220290F2B0011BA79 /* LocationCell.swift in Sources */ = {isa = PBXBuildFile; fileRef = 276910E020290F2B0011BA79 /* LocationCell.swift */; };
		276910E320290F2B0011BA79 /* LocationCell.xib in Resources */ = {isa = PBXBuildFile; fileRef = 276910E120290F2B0011BA79 /* LocationCell.xib */; };
		2784C8882027AAEF003181B6 /* RootViewControllerTableViewExtension.swift in Sources */ = {isa = PBXBuildFile; fileRef = 2784C8872027AAEF003181B6 /* RootViewControllerTableViewExtension.swift */; };
		2784C88A2027B729003181B6 /* RootViewControllerLocationExtension.swift in Sources */ = {isa = PBXBuildFile; fileRef = 2784C8892027B729003181B6 /* RootViewControllerLocationExtension.swift */; };
		2784C88C2027B768003181B6 /* RootViewControllerDayViewExtension.swift in Sources */ = {isa = PBXBuildFile; fileRef = 2784C88B2027B768003181B6 /* RootViewControllerDayViewExtension.swift */; };
		2784C88E2027B772003181B6 /* RootViewControllerWeekViewExtension.swift in Sources */ = {isa = PBXBuildFile; fileRef = 2784C88D2027B772003181B6 /* RootViewControllerWeekViewExtension.swift */; };
		27C36C5320276D37007841F9 /* AppDelegate.swift in Sources */ = {isa = PBXBuildFile; fileRef = 27C36C5220276D37007841F9 /* AppDelegate.swift */; };
		27C36C5A20276D37007841F9 /* Assets.xcassets in Resources */ = {isa = PBXBuildFile; fileRef = 27C36C5920276D37007841F9 /* Assets.xcassets */; };
		27C36C6E20277C1E007841F9 /* Defaults.swift in Sources */ = {isa = PBXBuildFile; fileRef = 27C36C6D20277C1E007841F9 /* Defaults.swift */; };
		27C36C7020277C2A007841F9 /* API.swift in Sources */ = {isa = PBXBuildFile; fileRef = 27C36C6F20277C2A007841F9 /* API.swift */; };
		27C36C7320277C8B007841F9 /* Conversions.swift in Sources */ = {isa = PBXBuildFile; fileRef = 27C36C7220277C8B007841F9 /* Conversions.swift */; };
		27C36C7620277CB8007841F9 /* UserDefaults.swift in Sources */ = {isa = PBXBuildFile; fileRef = 27C36C7520277CB8007841F9 /* UserDefaults.swift */; };
		27C36C7820277CF2007841F9 /* Location.swift in Sources */ = {isa = PBXBuildFile; fileRef = 27C36C7720277CF2007841F9 /* Location.swift */; };
		27C36C7A20277D27007841F9 /* WeatherData.swift in Sources */ = {isa = PBXBuildFile; fileRef = 27C36C7920277D27007841F9 /* WeatherData.swift */; };
		27C36C7C20277D42007841F9 /* WeatherDayData.swift in Sources */ = {isa = PBXBuildFile; fileRef = 27C36C7B20277D42007841F9 /* WeatherDayData.swift */; };
		27C36C7F20277D83007841F9 /* JSONDecodable.swift in Sources */ = {isa = PBXBuildFile; fileRef = 27C36C7E20277D83007841F9 /* JSONDecodable.swift */; };
		27C36C8220277DB9007841F9 /* DataManager.swift in Sources */ = {isa = PBXBuildFile; fileRef = 27C36C8120277DB9007841F9 /* DataManager.swift */; };
		27C36C8520277F9F007841F9 /* RootViewController.swift in Sources */ = {isa = PBXBuildFile; fileRef = 27C36C8320277F9F007841F9 /* RootViewController.swift */; };
		27C36C8620277F9F007841F9 /* RootViewController.xib in Resources */ = {isa = PBXBuildFile; fileRef = 27C36C8420277F9F007841F9 /* RootViewController.xib */; };
		27C36C8D20279BC2007841F9 /* WeekWeatherCell.swift in Sources */ = {isa = PBXBuildFile; fileRef = 27C36C8B20279BC2007841F9 /* WeekWeatherCell.swift */; };
		27C36C8E20279BC2007841F9 /* WeekWeatherCell.xib in Resources */ = {isa = PBXBuildFile; fileRef = 27C36C8C20279BC2007841F9 /* WeekWeatherCell.xib */; };
		27DB21422029DF2E000493A5 /* LocationRepresentable.swift in Sources */ = {isa = PBXBuildFile; fileRef = 27DB21412029DF2E000493A5 /* LocationRepresentable.swift */; };
		27DB21452029DFA3000493A5 /* LocationsViewModel.swift in Sources */ = {isa = PBXBuildFile; fileRef = 27DB21442029DFA3000493A5 /* LocationsViewModel.swift */; };
		27DB214A202A171C000493A5 /* AddLocationViewController.swift in Sources */ = {isa = PBXBuildFile; fileRef = 27DB2148202A171C000493A5 /* AddLocationViewController.swift */; };
		27DB214B202A171C000493A5 /* AddLocationViewController.xib in Resources */ = {isa = PBXBuildFile; fileRef = 27DB2149202A171C000493A5 /* AddLocationViewController.xib */; };
/* End PBXBuildFile section */

/* Begin PBXFileReference section */
		274B6FBE202A6B3F009F7905 /* LoadingScreenViewController.swift */ = {isa = PBXFileReference; lastKnownFileType = sourcecode.swift; path = LoadingScreenViewController.swift; sourceTree = "<group>"; };
		274B6FBF202A6B3F009F7905 /* LoadingScreenViewController.xib */ = {isa = PBXFileReference; lastKnownFileType = file.xib; path = LoadingScreenViewController.xib; sourceTree = "<group>"; };
		276910C6202881B70011BA79 /* RootViewControllerDayViewDelegateExtension.swift */ = {isa = PBXFileReference; lastKnownFileType = sourcecode.swift; path = RootViewControllerDayViewDelegateExtension.swift; sourceTree = "<group>"; };
		276910C8202881FF0011BA79 /* RootViewControllerWeekViewDelegate.swift */ = {isa = PBXFileReference; lastKnownFileType = sourcecode.swift; path = RootViewControllerWeekViewDelegate.swift; sourceTree = "<group>"; };
		276910CA202882600011BA79 /* RootViewControllerSettingsViewControllerDelegateExtension.swift */ = {isa = PBXFileReference; lastKnownFileType = sourcecode.swift; path = RootViewControllerSettingsViewControllerDelegateExtension.swift; sourceTree = "<group>"; };
		276910CC2028828A0011BA79 /* RootViewControllerLocationViewControllerDelegateExtension.swift */ = {isa = PBXFileReference; lastKnownFileType = sourcecode.swift; path = RootViewControllerLocationViewControllerDelegateExtension.swift; sourceTree = "<group>"; };
		276910CF202892AD0011BA79 /* SettingsViewController.swift */ = {isa = PBXFileReference; lastKnownFileType = sourcecode.swift; path = SettingsViewController.swift; sourceTree = "<group>"; };
		276910D0202892AD0011BA79 /* SettingsViewController.xib */ = {isa = PBXFileReference; lastKnownFileType = file.xib; path = SettingsViewController.xib; sourceTree = "<group>"; };
		276910D62028C7800011BA79 /* SettingCell.swift */ = {isa = PBXFileReference; lastKnownFileType = sourcecode.swift; path = SettingCell.swift; sourceTree = "<group>"; };
		276910D72028C7800011BA79 /* SettingCell.xib */ = {isa = PBXFileReference; lastKnownFileType = file.xib; path = SettingCell.xib; sourceTree = "<group>"; };
		276910DB20290E4F0011BA79 /* LocationsViewController.swift */ = {isa = PBXFileReference; lastKnownFileType = sourcecode.swift; path = LocationsViewController.swift; sourceTree = "<group>"; };
		276910DC20290E4F0011BA79 /* LocationsViewController.xib */ = {isa = PBXFileReference; lastKnownFileType = file.xib; path = LocationsViewController.xib; sourceTree = "<group>"; };
		276910E020290F2B0011BA79 /* LocationCell.swift */ = {isa = PBXFileReference; lastKnownFileType = sourcecode.swift; path = LocationCell.swift; sourceTree = "<group>"; };
		276910E120290F2B0011BA79 /* LocationCell.xib */ = {isa = PBXFileReference; lastKnownFileType = file.xib; path = LocationCell.xib; sourceTree = "<group>"; };
		2784C8872027AAEF003181B6 /* RootViewControllerTableViewExtension.swift */ = {isa = PBXFileReference; lastKnownFileType = sourcecode.swift; path = RootViewControllerTableViewExtension.swift; sourceTree = "<group>"; };
		2784C8892027B729003181B6 /* RootViewControllerLocationExtension.swift */ = {isa = PBXFileReference; lastKnownFileType = sourcecode.swift; path = RootViewControllerLocationExtension.swift; sourceTree = "<group>"; };
		2784C88B2027B768003181B6 /* RootViewControllerDayViewExtension.swift */ = {isa = PBXFileReference; lastKnownFileType = sourcecode.swift; path = RootViewControllerDayViewExtension.swift; sourceTree = "<group>"; };
		2784C88D2027B772003181B6 /* RootViewControllerWeekViewExtension.swift */ = {isa = PBXFileReference; lastKnownFileType = sourcecode.swift; path = RootViewControllerWeekViewExtension.swift; sourceTree = "<group>"; };
		27C36C4F20276D37007841F9 /* Cloudy.app */ = {isa = PBXFileReference; explicitFileType = wrapper.application; includeInIndex = 0; path = Cloudy.app; sourceTree = BUILT_PRODUCTS_DIR; };
		27C36C5220276D37007841F9 /* AppDelegate.swift */ = {isa = PBXFileReference; lastKnownFileType = sourcecode.swift; path = AppDelegate.swift; sourceTree = "<group>"; };
		27C36C5920276D37007841F9 /* Assets.xcassets */ = {isa = PBXFileReference; lastKnownFileType = folder.assetcatalog; path = Assets.xcassets; sourceTree = "<group>"; };
		27C36C5E20276D37007841F9 /* Info.plist */ = {isa = PBXFileReference; lastKnownFileType = text.plist.xml; path = Info.plist; sourceTree = "<group>"; };
		27C36C6D20277C1E007841F9 /* Defaults.swift */ = {isa = PBXFileReference; lastKnownFileType = sourcecode.swift; path = Defaults.swift; sourceTree = "<group>"; };
		27C36C6F20277C2A007841F9 /* API.swift */ = {isa = PBXFileReference; lastKnownFileType = sourcecode.swift; path = API.swift; sourceTree = "<group>"; };
		27C36C7220277C8B007841F9 /* Conversions.swift */ = {isa = PBXFileReference; lastKnownFileType = sourcecode.swift; path = Conversions.swift; sourceTree = "<group>"; };
		27C36C7520277CB8007841F9 /* UserDefaults.swift */ = {isa = PBXFileReference; lastKnownFileType = sourcecode.swift; path = UserDefaults.swift; sourceTree = "<group>"; };
		27C36C7720277CF2007841F9 /* Location.swift */ = {isa = PBXFileReference; lastKnownFileType = sourcecode.swift; path = Location.swift; sourceTree = "<group>"; };
		27C36C7920277D27007841F9 /* WeatherData.swift */ = {isa = PBXFileReference; lastKnownFileType = sourcecode.swift; path = WeatherData.swift; sourceTree = "<group>"; };
		27C36C7B20277D42007841F9 /* WeatherDayData.swift */ = {isa = PBXFileReference; lastKnownFileType = sourcecode.swift; path = WeatherDayData.swift; sourceTree = "<group>"; };
		27C36C7E20277D83007841F9 /* JSONDecodable.swift */ = {isa = PBXFileReference; lastKnownFileType = sourcecode.swift; path = JSONDecodable.swift; sourceTree = "<group>"; };
		27C36C8120277DB9007841F9 /* DataManager.swift */ = {isa = PBXFileReference; lastKnownFileType = sourcecode.swift; path = DataManager.swift; sourceTree = "<group>"; };
		27C36C8320277F9F007841F9 /* RootViewController.swift */ = {isa = PBXFileReference; lastKnownFileType = sourcecode.swift; path = RootViewController.swift; sourceTree = "<group>"; };
		27C36C8420277F9F007841F9 /* RootViewController.xib */ = {isa = PBXFileReference; lastKnownFileType = file.xib; path = RootViewController.xib; sourceTree = "<group>"; };
		27C36C8B20279BC2007841F9 /* WeekWeatherCell.swift */ = {isa = PBXFileReference; lastKnownFileType = sourcecode.swift; path = WeekWeatherCell.swift; sourceTree = "<group>"; };
		27C36C8C20279BC2007841F9 /* WeekWeatherCell.xib */ = {isa = PBXFileReference; lastKnownFileType = file.xib; path = WeekWeatherCell.xib; sourceTree = "<group>"; };
		27DB21412029DF2E000493A5 /* LocationRepresentable.swift */ = {isa = PBXFileReference; lastKnownFileType = sourcecode.swift; path = LocationRepresentable.swift; sourceTree = "<group>"; };
		27DB21442029DFA3000493A5 /* LocationsViewModel.swift */ = {isa = PBXFileReference; lastKnownFileType = sourcecode.swift; path = LocationsViewModel.swift; sourceTree = "<group>"; };
		27DB2148202A171C000493A5 /* AddLocationViewController.swift */ = {isa = PBXFileReference; lastKnownFileType = sourcecode.swift; path = AddLocationViewController.swift; sourceTree = "<group>"; };
		27DB2149202A171C000493A5 /* AddLocationViewController.xib */ = {isa = PBXFileReference; lastKnownFileType = file.xib; path = AddLocationViewController.xib; sourceTree = "<group>"; };
/* End PBXFileReference section */

/* Begin PBXFrameworksBuildPhase section */
		27C36C4C20276D37007841F9 /* Frameworks */ = {
			isa = PBXFrameworksBuildPhase;
			buildActionMask = 2147483647;
			files = (
			);
			runOnlyForDeploymentPostprocessing = 0;
		};
/* End PBXFrameworksBuildPhase section */

/* Begin PBXGroup section */
		274B6FBD202A6B23009F7905 /* Loading Screen View Controller */ = {
			isa = PBXGroup;
			children = (
				274B6FBE202A6B3F009F7905 /* LoadingScreenViewController.swift */,
				274B6FC3202A6B49009F7905 /* XIB */,
			);
			path = "Loading Screen View Controller";
			sourceTree = "<group>";
		};
		274B6FC3202A6B49009F7905 /* XIB */ = {
			isa = PBXGroup;
			children = (
				274B6FBF202A6B3F009F7905 /* LoadingScreenViewController.xib */,
			);
			path = XIB;
			sourceTree = "<group>";
		};
		276910CE20288F0F0011BA79 /* Settings View Controller */ = {
			isa = PBXGroup;
			children = (
				276910CF202892AD0011BA79 /* SettingsViewController.swift */,
				276910D5202892C10011BA79 /* Cells */,
				276910D4202892BB0011BA79 /* Extensions */,
				276910D3202892B10011BA79 /* XIB */,
			);
			path = "Settings View Controller";
			sourceTree = "<group>";
		};
		276910D3202892B10011BA79 /* XIB */ = {
			isa = PBXGroup;
			children = (
				276910D0202892AD0011BA79 /* SettingsViewController.xib */,
			);
			path = XIB;
			sourceTree = "<group>";
		};
		276910D4202892BB0011BA79 /* Extensions */ = {
			isa = PBXGroup;
			children = (
			);
			path = Extensions;
			sourceTree = "<group>";
		};
		276910D5202892C10011BA79 /* Cells */ = {
			isa = PBXGroup;
			children = (
				276910D62028C7800011BA79 /* SettingCell.swift */,
				276910D72028C7800011BA79 /* SettingCell.xib */,
			);
			path = Cells;
			sourceTree = "<group>";
		};
		276910DA20290E2F0011BA79 /* Locations View Controller */ = {
			isa = PBXGroup;
			children = (
				27DB2146202A16FB000493A5 /* Add Location View Controller */,
				27DB21432029DF81000493A5 /* View Models */,
				276910DB20290E4F0011BA79 /* LocationsViewController.swift */,
				276910DF20290F190011BA79 /* Cells */,
				27DB21402029DF1A000493A5 /* Protocols */,
				276910E520290F790011BA79 /* XIB */,
			);
			path = "Locations View Controller";
			sourceTree = "<group>";
		};
		276910DF20290F190011BA79 /* Cells */ = {
			isa = PBXGroup;
			children = (
				276910E420290F680011BA79 /* Location Cell */,
			);
			path = Cells;
			sourceTree = "<group>";
		};
		276910E420290F680011BA79 /* Location Cell */ = {
			isa = PBXGroup;
			children = (
				276910E020290F2B0011BA79 /* LocationCell.swift */,
				276910E120290F2B0011BA79 /* LocationCell.xib */,
			);
			path = "Location Cell";
			sourceTree = "<group>";
		};
		276910E520290F790011BA79 /* XIB */ = {
			isa = PBXGroup;
			children = (
				276910DC20290E4F0011BA79 /* LocationsViewController.xib */,
			);
			path = XIB;
			sourceTree = "<group>";
		};
		2784C8862027AAD5003181B6 /* Extensions */ = {
			isa = PBXGroup;
			children = (
				276910C6202881B70011BA79 /* RootViewControllerDayViewDelegateExtension.swift */,
				2784C88B2027B768003181B6 /* RootViewControllerDayViewExtension.swift */,
				2784C8892027B729003181B6 /* RootViewControllerLocationExtension.swift */,
				276910CC2028828A0011BA79 /* RootViewControllerLocationViewControllerDelegateExtension.swift */,
				276910CA202882600011BA79 /* RootViewControllerSettingsViewControllerDelegateExtension.swift */,
				2784C8872027AAEF003181B6 /* RootViewControllerTableViewExtension.swift */,
				276910C8202881FF0011BA79 /* RootViewControllerWeekViewDelegate.swift */,
				2784C88D2027B772003181B6 /* RootViewControllerWeekViewExtension.swift */,
			);
			path = Extensions;
			sourceTree = "<group>";
		};
		27C36C4620276D37007841F9 = {
			isa = PBXGroup;
			children = (
				27C36C5120276D37007841F9 /* Cloudy */,
				27C36C5020276D37007841F9 /* Products */,
			);
			sourceTree = "<group>";
		};
		27C36C5020276D37007841F9 /* Products */ = {
			isa = PBXGroup;
			children = (
				27C36C4F20276D37007841F9 /* Cloudy.app */,
			);
			name = Products;
			sourceTree = "<group>";
		};
		27C36C5120276D37007841F9 /* Cloudy */ = {
			isa = PBXGroup;
			children = (
				27C36C6720276EBC007841F9 /* Application Delegate */,
				27C36C6C20277C02007841F9 /* Configuration */,
				27C36C7120277C81007841F9 /* Extensions */,
				27C36C8020277DB0007841F9 /* Managers */,
				27C36C6620276EB7007841F9 /* Models */,
				27C36C7D20277D77007841F9 /* Protocols */,
				27C36C6A202772A6007841F9 /* Resources */,
				27C36C6820276EC2007841F9 /* Supporting Files */,
				27C36C6420276E0C007841F9 /* View Controllers */,
				27C36C6520276EB0007841F9 /* View Models */,
			);
			path = Cloudy;
			sourceTree = "<group>";
		};
		27C36C6420276E0C007841F9 /* View Controllers */ = {
			isa = PBXGroup;
			children = (
				274B6FBD202A6B23009F7905 /* Loading Screen View Controller */,
				276910DA20290E2F0011BA79 /* Locations View Controller */,
				27C36C8720279B5F007841F9 /* Root View Controller */,
				276910CE20288F0F0011BA79 /* Settings View Controller */,
			);
			path = "View Controllers";
			sourceTree = "<group>";
		};
		27C36C6520276EB0007841F9 /* View Models */ = {
			isa = PBXGroup;
			children = (
			);
			path = "View Models";
			sourceTree = "<group>";
		};
		27C36C6620276EB7007841F9 /* Models */ = {
			isa = PBXGroup;
			children = (
				27C36C7720277CF2007841F9 /* Location.swift */,
				27C36C7920277D27007841F9 /* WeatherData.swift */,
				27C36C7B20277D42007841F9 /* WeatherDayData.swift */,
			);
			path = Models;
			sourceTree = "<group>";
		};
		27C36C6720276EBC007841F9 /* Application Delegate */ = {
			isa = PBXGroup;
			children = (
				27C36C5220276D37007841F9 /* AppDelegate.swift */,
			);
			path = "Application Delegate";
			sourceTree = "<group>";
		};
		27C36C6820276EC2007841F9 /* Supporting Files */ = {
			isa = PBXGroup;
			children = (
				27C36C5E20276D37007841F9 /* Info.plist */,
			);
			path = "Supporting Files";
			sourceTree = "<group>";
		};
		27C36C6A202772A6007841F9 /* Resources */ = {
			isa = PBXGroup;
			children = (
				27C36C5920276D37007841F9 /* Assets.xcassets */,
			);
			path = Resources;
			sourceTree = "<group>";
		};
		27C36C6C20277C02007841F9 /* Configuration */ = {
			isa = PBXGroup;
			children = (
				27C36C6D20277C1E007841F9 /* Defaults.swift */,
				27C36C6F20277C2A007841F9 /* API.swift */,
			);
			path = Configuration;
			sourceTree = "<group>";
		};
		27C36C7120277C81007841F9 /* Extensions */ = {
			isa = PBXGroup;
			children = (
				27C36C7220277C8B007841F9 /* Conversions.swift */,
				27C36C7520277CB8007841F9 /* UserDefaults.swift */,
			);
			path = Extensions;
			sourceTree = "<group>";
		};
		27C36C7D20277D77007841F9 /* Protocols */ = {
			isa = PBXGroup;
			children = (
				27C36C7E20277D83007841F9 /* JSONDecodable.swift */,
			);
			path = Protocols;
			sourceTree = "<group>";
		};
		27C36C8020277DB0007841F9 /* Managers */ = {
			isa = PBXGroup;
			children = (
				27C36C8120277DB9007841F9 /* DataManager.swift */,
			);
			path = Managers;
			sourceTree = "<group>";
		};
		27C36C8720279B5F007841F9 /* Root View Controller */ = {
			isa = PBXGroup;
			children = (
				27C36C8320277F9F007841F9 /* RootViewController.swift */,
				27C36C8920279B97007841F9 /* Cells */,
				2784C8862027AAD5003181B6 /* Extensions */,
				27C36C8820279B85007841F9 /* XIB */,
			);
			path = "Root View Controller";
			sourceTree = "<group>";
		};
		27C36C8820279B85007841F9 /* XIB */ = {
			isa = PBXGroup;
			children = (
				27C36C8420277F9F007841F9 /* RootViewController.xib */,
			);
			path = XIB;
			sourceTree = "<group>";
		};
		27C36C8920279B97007841F9 /* Cells */ = {
			isa = PBXGroup;
			children = (
				27C36C8F20279BC7007841F9 /* Week Weather Cell */,
			);
			path = Cells;
			sourceTree = "<group>";
		};
		27C36C8F20279BC7007841F9 /* Week Weather Cell */ = {
			isa = PBXGroup;
			children = (
				27C36C8B20279BC2007841F9 /* WeekWeatherCell.swift */,
				27C36C8C20279BC2007841F9 /* WeekWeatherCell.xib */,
			);
			path = "Week Weather Cell";
			sourceTree = "<group>";
		};
		27DB21402029DF1A000493A5 /* Protocols */ = {
			isa = PBXGroup;
			children = (
				27DB21412029DF2E000493A5 /* LocationRepresentable.swift */,
			);
			path = Protocols;
			sourceTree = "<group>";
		};
		27DB21432029DF81000493A5 /* View Models */ = {
			isa = PBXGroup;
			children = (
				27DB21442029DFA3000493A5 /* LocationsViewModel.swift */,
			);
			path = "View Models";
			sourceTree = "<group>";
		};
		27DB2146202A16FB000493A5 /* Add Location View Controller */ = {
			isa = PBXGroup;
			children = (
				27DB214C202A1834000493A5 /* Cells */,
				27DB2147202A1705000493A5 /* XIB */,
				27DB2148202A171C000493A5 /* AddLocationViewController.swift */,
			);
			path = "Add Location View Controller";
			sourceTree = "<group>";
		};
		27DB2147202A1705000493A5 /* XIB */ = {
			isa = PBXGroup;
			children = (
				27DB2149202A171C000493A5 /* AddLocationViewController.xib */,
			);
			path = XIB;
			sourceTree = "<group>";
		};
		27DB214C202A1834000493A5 /* Cells */ = {
			isa = PBXGroup;
			children = (
			);
			path = Cells;
			sourceTree = "<group>";
		};
/* End PBXGroup section */

/* Begin PBXNativeTarget section */
		27C36C4E20276D37007841F9 /* Cloudy */ = {
			isa = PBXNativeTarget;
			buildConfigurationList = 27C36C6120276D37007841F9 /* Build configuration list for PBXNativeTarget "Cloudy" */;
			buildPhases = (
				27C36C4B20276D37007841F9 /* Sources */,
				27C36C4C20276D37007841F9 /* Frameworks */,
				27C36C4D20276D37007841F9 /* Resources */,
			);
			buildRules = (
			);
			dependencies = (
			);
			name = Cloudy;
			productName = Cloudy;
			productReference = 27C36C4F20276D37007841F9 /* Cloudy.app */;
			productType = "com.apple.product-type.application";
		};
/* End PBXNativeTarget section */

/* Begin PBXProject section */
		27C36C4720276D37007841F9 /* Project object */ = {
			isa = PBXProject;
			attributes = {
				LastSwiftUpdateCheck = 0920;
				LastUpgradeCheck = 0920;
				ORGANIZATIONNAME = "Tiago Santos";
				TargetAttributes = {
					27C36C4E20276D37007841F9 = {
						CreatedOnToolsVersion = 9.2;
						ProvisioningStyle = Automatic;
					};
				};
			};
			buildConfigurationList = 27C36C4A20276D37007841F9 /* Build configuration list for PBXProject "Cloudy" */;
			compatibilityVersion = "Xcode 8.0";
			developmentRegion = en;
			hasScannedForEncodings = 0;
			knownRegions = (
				en,
				Base,
			);
			mainGroup = 27C36C4620276D37007841F9;
			productRefGroup = 27C36C5020276D37007841F9 /* Products */;
			projectDirPath = "";
			projectRoot = "";
			targets = (
				27C36C4E20276D37007841F9 /* Cloudy */,
			);
		};
/* End PBXProject section */

/* Begin PBXResourcesBuildPhase section */
		27C36C4D20276D37007841F9 /* Resources */ = {
			isa = PBXResourcesBuildPhase;
			buildActionMask = 2147483647;
			files = (
				274B6FC1202A6B3F009F7905 /* LoadingScreenViewController.xib in Resources */,
				27C36C8620277F9F007841F9 /* RootViewController.xib in Resources */,
				276910E320290F2B0011BA79 /* LocationCell.xib in Resources */,
				276910D92028C7800011BA79 /* SettingCell.xib in Resources */,
				27C36C8E20279BC2007841F9 /* WeekWeatherCell.xib in Resources */,
				276910DE20290E4F0011BA79 /* LocationsViewController.xib in Resources */,
				27C36C5A20276D37007841F9 /* Assets.xcassets in Resources */,
				276910D2202892AD0011BA79 /* SettingsViewController.xib in Resources */,
				27DB214B202A171C000493A5 /* AddLocationViewController.xib in Resources */,
			);
			runOnlyForDeploymentPostprocessing = 0;
		};
/* End PBXResourcesBuildPhase section */

/* Begin PBXSourcesBuildPhase section */
		27C36C4B20276D37007841F9 /* Sources */ = {
			isa = PBXSourcesBuildPhase;
			buildActionMask = 2147483647;
			files = (
				27C36C7F20277D83007841F9 /* JSONDecodable.swift in Sources */,
				276910CB202882600011BA79 /* RootViewControllerSettingsViewControllerDelegateExtension.swift in Sources */,
				276910D1202892AD0011BA79 /* SettingsViewController.swift in Sources */,
				27C36C8220277DB9007841F9 /* DataManager.swift in Sources */,
				27DB214A202A171C000493A5 /* AddLocationViewController.swift in Sources */,
				276910D82028C7800011BA79 /* SettingCell.swift in Sources */,
				27DB21422029DF2E000493A5 /* LocationRepresentable.swift in Sources */,
				27C36C5320276D37007841F9 /* AppDelegate.swift in Sources */,
				276910E220290F2B0011BA79 /* LocationCell.swift in Sources */,
				27C36C8520277F9F007841F9 /* RootViewController.swift in Sources */,
				27C36C7620277CB8007841F9 /* UserDefaults.swift in Sources */,
				2784C88A2027B729003181B6 /* RootViewControllerLocationExtension.swift in Sources */,
				27C36C7A20277D27007841F9 /* WeatherData.swift in Sources */,
				27C36C7320277C8B007841F9 /* Conversions.swift in Sources */,
				27DB21452029DFA3000493A5 /* LocationsViewModel.swift in Sources */,
				274B6FC0202A6B3F009F7905 /* LoadingScreenViewController.swift in Sources */,
				276910CD2028828A0011BA79 /* RootViewControllerLocationViewControllerDelegateExtension.swift in Sources */,
				2784C8882027AAEF003181B6 /* RootViewControllerTableViewExtension.swift in Sources */,
				27C36C7020277C2A007841F9 /* API.swift in Sources */,
				276910DD20290E4F0011BA79 /* LocationsViewController.swift in Sources */,
				27C36C8D20279BC2007841F9 /* WeekWeatherCell.swift in Sources */,
				2784C88E2027B772003181B6 /* RootViewControllerWeekViewExtension.swift in Sources */,
				27C36C7820277CF2007841F9 /* Location.swift in Sources */,
				27C36C6E20277C1E007841F9 /* Defaults.swift in Sources */,
				276910C9202881FF0011BA79 /* RootViewControllerWeekViewDelegate.swift in Sources */,
				27C36C7C20277D42007841F9 /* WeatherDayData.swift in Sources */,
				2784C88C2027B768003181B6 /* RootViewControllerDayViewExtension.swift in Sources */,
				276910C7202881B70011BA79 /* RootViewControllerDayViewDelegateExtension.swift in Sources */,
			);
			runOnlyForDeploymentPostprocessing = 0;
		};
/* End PBXSourcesBuildPhase section */

/* Begin XCBuildConfiguration section */
		27C36C5F20276D37007841F9 /* Debug */ = {
			isa = XCBuildConfiguration;
			buildSettings = {
				ALWAYS_SEARCH_USER_PATHS = NO;
				CLANG_ANALYZER_NONNULL = YES;
				CLANG_ANALYZER_NUMBER_OBJECT_CONVERSION = YES_AGGRESSIVE;
				CLANG_CXX_LANGUAGE_STANDARD = "gnu++14";
				CLANG_CXX_LIBRARY = "libc++";
				CLANG_ENABLE_MODULES = YES;
				CLANG_ENABLE_OBJC_ARC = YES;
				CLANG_WARN_BLOCK_CAPTURE_AUTORELEASING = YES;
				CLANG_WARN_BOOL_CONVERSION = YES;
				CLANG_WARN_COMMA = YES;
				CLANG_WARN_CONSTANT_CONVERSION = YES;
				CLANG_WARN_DIRECT_OBJC_ISA_USAGE = YES_ERROR;
				CLANG_WARN_DOCUMENTATION_COMMENTS = YES;
				CLANG_WARN_EMPTY_BODY = YES;
				CLANG_WARN_ENUM_CONVERSION = YES;
				CLANG_WARN_INFINITE_RECURSION = YES;
				CLANG_WARN_INT_CONVERSION = YES;
				CLANG_WARN_NON_LITERAL_NULL_CONVERSION = YES;
				CLANG_WARN_OBJC_LITERAL_CONVERSION = YES;
				CLANG_WARN_OBJC_ROOT_CLASS = YES_ERROR;
				CLANG_WARN_RANGE_LOOP_ANALYSIS = YES;
				CLANG_WARN_STRICT_PROTOTYPES = YES;
				CLANG_WARN_SUSPICIOUS_MOVE = YES;
				CLANG_WARN_UNGUARDED_AVAILABILITY = YES_AGGRESSIVE;
				CLANG_WARN_UNREACHABLE_CODE = YES;
				CLANG_WARN__DUPLICATE_METHOD_MATCH = YES;
				CODE_SIGN_IDENTITY = "iPhone Developer";
				COPY_PHASE_STRIP = NO;
				DEBUG_INFORMATION_FORMAT = dwarf;
				ENABLE_STRICT_OBJC_MSGSEND = YES;
				ENABLE_TESTABILITY = YES;
				GCC_C_LANGUAGE_STANDARD = gnu11;
				GCC_DYNAMIC_NO_PIC = NO;
				GCC_NO_COMMON_BLOCKS = YES;
				GCC_OPTIMIZATION_LEVEL = 0;
				GCC_PREPROCESSOR_DEFINITIONS = (
					"DEBUG=1",
					"$(inherited)",
				);
				GCC_WARN_64_TO_32_BIT_CONVERSION = YES;
				GCC_WARN_ABOUT_RETURN_TYPE = YES_ERROR;
				GCC_WARN_UNDECLARED_SELECTOR = YES;
				GCC_WARN_UNINITIALIZED_AUTOS = YES_AGGRESSIVE;
				GCC_WARN_UNUSED_FUNCTION = YES;
				GCC_WARN_UNUSED_VARIABLE = YES;
				IPHONEOS_DEPLOYMENT_TARGET = 11.2;
				MTL_ENABLE_DEBUG_INFO = YES;
				ONLY_ACTIVE_ARCH = YES;
				SDKROOT = iphoneos;
				SWIFT_ACTIVE_COMPILATION_CONDITIONS = DEBUG;
				SWIFT_OPTIMIZATION_LEVEL = "-Onone";
			};
			name = Debug;
		};
		27C36C6020276D37007841F9 /* Release */ = {
			isa = XCBuildConfiguration;
			buildSettings = {
				ALWAYS_SEARCH_USER_PATHS = NO;
				CLANG_ANALYZER_NONNULL = YES;
				CLANG_ANALYZER_NUMBER_OBJECT_CONVERSION = YES_AGGRESSIVE;
				CLANG_CXX_LANGUAGE_STANDARD = "gnu++14";
				CLANG_CXX_LIBRARY = "libc++";
				CLANG_ENABLE_MODULES = YES;
				CLANG_ENABLE_OBJC_ARC = YES;
				CLANG_WARN_BLOCK_CAPTURE_AUTORELEASING = YES;
				CLANG_WARN_BOOL_CONVERSION = YES;
				CLANG_WARN_COMMA = YES;
				CLANG_WARN_CONSTANT_CONVERSION = YES;
				CLANG_WARN_DIRECT_OBJC_ISA_USAGE = YES_ERROR;
				CLANG_WARN_DOCUMENTATION_COMMENTS = YES;
				CLANG_WARN_EMPTY_BODY = YES;
				CLANG_WARN_ENUM_CONVERSION = YES;
				CLANG_WARN_INFINITE_RECURSION = YES;
				CLANG_WARN_INT_CONVERSION = YES;
				CLANG_WARN_NON_LITERAL_NULL_CONVERSION = YES;
				CLANG_WARN_OBJC_LITERAL_CONVERSION = YES;
				CLANG_WARN_OBJC_ROOT_CLASS = YES_ERROR;
				CLANG_WARN_RANGE_LOOP_ANALYSIS = YES;
				CLANG_WARN_STRICT_PROTOTYPES = YES;
				CLANG_WARN_SUSPICIOUS_MOVE = YES;
				CLANG_WARN_UNGUARDED_AVAILABILITY = YES_AGGRESSIVE;
				CLANG_WARN_UNREACHABLE_CODE = YES;
				CLANG_WARN__DUPLICATE_METHOD_MATCH = YES;
				CODE_SIGN_IDENTITY = "iPhone Developer";
				COPY_PHASE_STRIP = NO;
				DEBUG_INFORMATION_FORMAT = "dwarf-with-dsym";
				ENABLE_NS_ASSERTIONS = NO;
				ENABLE_STRICT_OBJC_MSGSEND = YES;
				GCC_C_LANGUAGE_STANDARD = gnu11;
				GCC_NO_COMMON_BLOCKS = YES;
				GCC_WARN_64_TO_32_BIT_CONVERSION = YES;
				GCC_WARN_ABOUT_RETURN_TYPE = YES_ERROR;
				GCC_WARN_UNDECLARED_SELECTOR = YES;
				GCC_WARN_UNINITIALIZED_AUTOS = YES_AGGRESSIVE;
				GCC_WARN_UNUSED_FUNCTION = YES;
				GCC_WARN_UNUSED_VARIABLE = YES;
				IPHONEOS_DEPLOYMENT_TARGET = 11.2;
				MTL_ENABLE_DEBUG_INFO = NO;
				SDKROOT = iphoneos;
				SWIFT_OPTIMIZATION_LEVEL = "-Owholemodule";
				VALIDATE_PRODUCT = YES;
			};
			name = Release;
		};
		27C36C6220276D37007841F9 /* Debug */ = {
			isa = XCBuildConfiguration;
			buildSettings = {
				ASSETCATALOG_COMPILER_APPICON_NAME = AppIcon;
				CODE_SIGN_STYLE = Automatic;
				DEVELOPMENT_TEAM = 64E8842TP6;
				INFOPLIST_FILE = "Cloudy/Supporting Files/Info.plist";
				LD_RUNPATH_SEARCH_PATHS = "$(inherited) @executable_path/Frameworks";
				PRODUCT_BUNDLE_IDENTIFIER = "Tiago-Santos.Cloudy";
				PRODUCT_NAME = "$(TARGET_NAME)";
				SWIFT_VERSION = 4.0;
				TARGETED_DEVICE_FAMILY = "1,2";
			};
			name = Debug;
		};
		27C36C6320276D37007841F9 /* Release */ = {
			isa = XCBuildConfiguration;
			buildSettings = {
				ASSETCATALOG_COMPILER_APPICON_NAME = AppIcon;
				CODE_SIGN_STYLE = Automatic;
				DEVELOPMENT_TEAM = 64E8842TP6;
				INFOPLIST_FILE = "Cloudy/Supporting Files/Info.plist";
				LD_RUNPATH_SEARCH_PATHS = "$(inherited) @executable_path/Frameworks";
				PRODUCT_BUNDLE_IDENTIFIER = "Tiago-Santos.Cloudy";
				PRODUCT_NAME = "$(TARGET_NAME)";
				SWIFT_VERSION = 4.0;
				TARGETED_DEVICE_FAMILY = "1,2";
			};
			name = Release;
		};
/* End XCBuildConfiguration section */

/* Begin XCConfigurationList section */
		27C36C4A20276D37007841F9 /* Build configuration list for PBXProject "Cloudy" */ = {
			isa = XCConfigurationList;
			buildConfigurations = (
				27C36C5F20276D37007841F9 /* Debug */,
				27C36C6020276D37007841F9 /* Release */,
			);
			defaultConfigurationIsVisible = 0;
			defaultConfigurationName = Release;
		};
		27C36C6120276D37007841F9 /* Build configuration list for PBXNativeTarget "Cloudy" */ = {
			isa = XCConfigurationList;
			buildConfigurations = (
				27C36C6220276D37007841F9 /* Debug */,
				27C36C6320276D37007841F9 /* Release */,
			);
			defaultConfigurationIsVisible = 0;
			defaultConfigurationName = Release;
		};
/* End XCConfigurationList section */
	};
	rootObject = 27C36C4720276D37007841F9 /* Project object */;
}
